
Microsoft Visual Studio Solution File, Format Version 12.00
# Visual Studio Version 17
VisualStudioVersion = 17.11.35431.28
MinimumVisualStudioVersion = 10.0.40219.1
Project("{FAE04EC0-301F-11D3-BF4B-00C04F79EFBC}") = "RDR2 Image Converter", "RDR2 Image Converter\RDR2 Image Converter.csproj", "{EB8A157C-FAFF-40A0-95E2-225C06EF96BB}"
EndProject
Global
	GlobalSection(SolutionConfigurationPlatforms) = preSolution
		Debug|Any CPU = Debug|Any CPU
		Release|Any CPU = Release|Any CPU
	EndGlobalSection
	GlobalSection(ProjectConfigurationPlatforms) = postSolution
		{EB8A157C-FAFF-40A0-95E2-225C06EF96BB}.Debug|Any CPU.ActiveCfg = Debug|Any CPU
		{EB8A157C-FAFF-40A0-95E2-225C06EF96BB}.Debug|Any CPU.Build.0 = Debug|Any CPU
		{EB8A157C-FAFF-40A0-95E2-225C06EF96BB}.Release|Any CPU.ActiveCfg = Release|Any CPU
		{EB8A157C-FAFF-40A0-95E2-225C06EF96BB}.Release|Any CPU.Build.0 = Release|Any CPU
	EndGlobalSection
	GlobalSection(SolutionProperties) = preSolution
		HideSolutionNode = FALSE
	EndGlobalSection
	GlobalSection(ExtensibilityGlobals) = postSolution
		SolutionGuid = {86F8C985-441B-4B6D-9006-DAB0068347EE}
	EndGlobalSection
EndGlobal
